{
  "name": "raoof-admin-shell",
  "version": "2.4.1",
  "lockfileVersion": 3,
  "requires": true,
  "packages": {
    "": {
      "name": "raoof-admin-shell",
      "version": "2.4.1",
      "license": "MIT",
      "dependencies": {},
      "devDependencies": {
        "electron": "^30.0.0",
        "electron-builder": "^24.13.3"
      }
    }
  },
  "dependencies": {
    "electron": {
      "version": "^30.0.0"
    },
    "electron-builder": {
      "version": "^24.13.3"
    }
  }
}
